// !$*UTF8*$!
{
	archiveVersion = 1;
	classes = {
	};
	objectVersion = 46;
	objects = {

/* Begin PBXBuildFile section */
		6330034A1845F8E900F7838D /* Foundation.framework in Frameworks */ = {isa = PBXBuildFile; fileRef = 633003491845F8E900F7838D /* Foundation.framework */; };
		6330034C1845F8E900F7838D /* CoreGraphics.framework in Frameworks */ = {isa = PBXBuildFile; fileRef = 6330034B1845F8E900F7838D /* CoreGraphics.framework */; };
		6330034E1845F8E900F7838D /* UIKit.framework in Frameworks */ = {isa = PBXBuildFile; fileRef = 6330034D1845F8E900F7838D /* UIKit.framework */; };
		633003541845F8E900F7838D /* InfoPlist.strings in Resources */ = {isa = PBXBuildFile; fileRef = 633003521845F8E900F7838D /* InfoPlist.strings */; };
		633003561845F8E900F7838D /* main.m in Sources */ = {isa = PBXBuildFile; fileRef = 633003551845F8E900F7838D /* main.m */; };
		6330035A1845F8E900F7838D /* AppDelegate.m in Sources */ = {isa = PBXBuildFile; fileRef = 633003591845F8E900F7838D /* AppDelegate.m */; };
		6330035D1845F8E900F7838D /* Main.storyboard in Resources */ = {isa = PBXBuildFile; fileRef = 6330035B1845F8E900F7838D /* Main.storyboard */; };
		633003601845F8E900F7838D /* ViewController.m in Sources */ = {isa = PBXBuildFile; fileRef = 6330035F1845F8E900F7838D /* ViewController.m */; };
		633003621845F8E900F7838D /* Images.xcassets in Resources */ = {isa = PBXBuildFile; fileRef = 633003611845F8E900F7838D /* Images.xcassets */; };
		633003691845F8E900F7838D /* XCTest.framework in Frameworks */ = {isa = PBXBuildFile; fileRef = 633003681845F8E900F7838D /* XCTest.framework */; };
		6330036A1845F8E900F7838D /* Foundation.framework in Frameworks */ = {isa = PBXBuildFile; fileRef = 633003491845F8E900F7838D /* Foundation.framework */; };
		6330036B1845F8E900F7838D /* UIKit.framework in Frameworks */ = {isa = PBXBuildFile; fileRef = 6330034D1845F8E900F7838D /* UIKit.framework */; };
		633003731845F8E900F7838D /* InfoPlist.strings in Resources */ = {isa = PBXBuildFile; fileRef = 633003711845F8E900F7838D /* InfoPlist.strings */; };
		633003751845F8E900F7838D /* SexRadioButtonTests.m in Sources */ = {isa = PBXBuildFile; fileRef = 633003741845F8E900F7838D /* SexRadioButtonTests.m */; };
		633003871845F91600F7838D /* radio_checked.png in Resources */ = {isa = PBXBuildFile; fileRef = 6330037F1845F91600F7838D /* radio_checked.png */; };
		633003881845F91600F7838D /* radio_checked@2x.png in Resources */ = {isa = PBXBuildFile; fileRef = 633003801845F91600F7838D /* radio_checked@2x.png */; };
		633003891845F91600F7838D /* radio_unchecked.png in Resources */ = {isa = PBXBuildFile; fileRef = 633003811845F91600F7838D /* radio_unchecked.png */; };
		6330038A1845F91600F7838D /* radio_unchecked@2x.png in Resources */ = {isa = PBXBuildFile; fileRef = 633003821845F91600F7838D /* radio_unchecked@2x.png */; };
		6330038B1845F91600F7838D /* QRadioButton.m in Sources */ = {isa = PBXBuildFile; fileRef = 633003841845F91600F7838D /* QRadioButton.m */; };
		6330038C1845F91600F7838D /* SexRadioView.m in Sources */ = {isa = PBXBuildFile; fileRef = 633003861845F91600F7838D /* SexRadioView.m */; };
/* End PBXBuildFile section */

/* Begin PBXContainerItemProxy section */
		6330036C1845F8E900F7838D /* PBXContainerItemProxy */ = {
			isa = PBXContainerItemProxy;
			containerPortal = 6330033E1845F8E900F7838D /* Project object */;
			proxyType = 1;
			remoteGlobalIDString = 633003451845F8E900F7838D;
			remoteInfo = SexRadioButton;
		};
/* End PBXContainerItemProxy section */

/* Begin PBXFileReference section */
		633003461845F8E900F7838D /* SexRadioButton.app */ = {isa = PBXFileReference; explicitFileType = wrapper.application; includeInIndex = 0; path = SexRadioButton.app; sourceTree = BUILT_PRODUCTS_DIR; };
		633003491845F8E900F7838D /* Foundation.framework */ = {isa = PBXFileReference; lastKnownFileType = wrapper.framework; name = Foundation.framework; path = System/Library/Frameworks/Foundation.framework; sourceTree = SDKROOT; };
		6330034B1845F8E900F7838D /* CoreGraphics.framework */ = {isa = PBXFileReference; lastKnownFileType = wrapper.framework; name = CoreGraphics.framework; path = System/Library/Frameworks/CoreGraphics.framework; sourceTree = SDKROOT; };
		6330034D1845F8E900F7838D /* UIKit.framework */ = {isa = PBXFileReference; lastKnownFileType = wrapper.framework; name = UIKit.framework; path = System/Library/Frameworks/UIKit.framework; sourceTree = SDKROOT; };
		633003511845F8E900F7838D /* SexRadioButton-Info.plist */ = {isa = PBXFileReference; lastKnownFileType = text.plist.xml; path = "SexRadioButton-Info.plist"; sourceTree = "<group>"; };
		633003531845F8E900F7838D /* en */ = {isa = PBXFileReference; lastKnownFileType = text.plist.strings; name = en; path = en.lproj/InfoPlist.strings; sourceTree = "<group>"; };
		633003551845F8E900F7838D /* main.m */ = {isa = PBXFileReference; lastKnownFileType = sourcecode.c.objc; path = main.m; sourceTree = "<group>"; };
		633003571845F8E900F7838D /* SexRadioButton-Prefix.pch */ = {isa = PBXFileReference; lastKnownFileType = sourcecode.c.h; path = "SexRadioButton-Prefix.pch"; sourceTree = "<group>"; };
		633003581845F8E900F7838D /* AppDelegate.h */ = {isa = PBXFileReference; lastKnownFileType = sourcecode.c.h; path = AppDelegate.h; sourceTree = "<group>"; };
		633003591845F8E900F7838D /* AppDelegate.m */ = {isa = PBXFileReference; lastKnownFileType = sourcecode.c.objc; path = AppDelegate.m; sourceTree = "<group>"; };
		6330035C1845F8E900F7838D /* Base */ = {isa = PBXFileReference; lastKnownFileType = file.storyboard; name = Base; path = Base.lproj/Main.storyboard; sourceTree = "<group>"; };
		6330035E1845F8E900F7838D /* ViewController.h */ = {isa = PBXFileReference; lastKnownFileType = sourcecode.c.h; path = ViewController.h; sourceTree = "<group>"; };
		6330035F1845F8E900F7838D /* ViewController.m */ = {isa = PBXFileReference; lastKnownFileType = sourcecode.c.objc; path = ViewController.m; sourceTree = "<group>"; };
		633003611845F8E900F7838D /* Images.xcassets */ = {isa = PBXFileReference; lastKnownFileType = folder.assetcatalog; path = Images.xcassets; sourceTree = "<group>"; };
		633003671845F8E900F7838D /* SexRadioButtonTests.xctest */ = {isa = PBXFileReference; explicitFileType = wrapper.cfbundle; includeInIndex = 0; path = SexRadioButtonTests.xctest; sourceTree = BUILT_PRODUCTS_DIR; };
		633003681845F8E900F7838D /* XCTest.framework */ = {isa = PBXFileReference; lastKnownFileType = wrapper.framework; name = XCTest.framework; path = Library/Frameworks/XCTest.framework; sourceTree = DEVELOPER_DIR; };
		633003701845F8E900F7838D /* SexRadioButtonTests-Info.plist */ = {isa = PBXFileReference; lastKnownFileType = text.plist.xml; path = "SexRadioButtonTests-Info.plist"; sourceTree = "<group>"; };
		633003721845F8E900F7838D /* en */ = {isa = PBXFileReference; lastKnownFileType = text.plist.strings; name = en; path = en.lproj/InfoPlist.strings; sourceTree = "<group>"; };
		633003741845F8E900F7838D /* SexRadioButtonTests.m */ = {isa = PBXFileReference; lastKnownFileType = sourcecode.c.objc; path = SexRadioButtonTests.m; sourceTree = "<group>"; };
		6330037F1845F91600F7838D /* radio_checked.png */ = {isa = PBXFileReference; lastKnownFileType = image.png; path = radio_checked.png; sourceTree = "<group>"; };
		633003801845F91600F7838D /* radio_checked@2x.png */ = {isa = PBXFileReference; lastKnownFileType = image.png; path = "radio_checked@2x.png"; sourceTree = "<group>"; };
		633003811845F91600F7838D /* radio_unchecked.png */ = {isa = PBXFileReference; lastKnownFileType = image.png; path = radio_unchecked.png; sourceTree = "<group>"; };
		633003821845F91600F7838D /* radio_unchecked@2x.png */ = {isa = PBXFileReference; lastKnownFileType = image.png; path = "radio_unchecked@2x.png"; sourceTree = "<group>"; };
		633003831845F91600F7838D /* QRadioButton.h */ = {isa = PBXFileReference; fileEncoding = 4; lastKnownFileType = sourcecode.c.h; path = QRadioButton.h; sourceTree = "<group>"; };
		633003841845F91600F7838D /* QRadioButton.m */ = {isa = PBXFileReference; fileEncoding = 4; lastKnownFileType = sourcecode.c.objc; path = QRadioButton.m; sourceTree = "<group>"; };
		633003851845F91600F7838D /* SexRadioView.h */ = {isa = PBXFileReference; fileEncoding = 4; lastKnownFileType = sourcecode.c.h; path = SexRadioView.h; sourceTree = "<group>"; };
		633003861845F91600F7838D /* SexRadioView.m */ = {isa = PBXFileReference; fileEncoding = 4; lastKnownFileType = sourcecode.c.objc; path = SexRadioView.m; sourceTree = "<group>"; };
/* End PBXFileReference section */

/* Begin PBXFrameworksBuildPhase section */
		633003431845F8E900F7838D /* Frameworks */ = {
			isa = PBXFrameworksBuildPhase;
			buildActionMask = 2147483647;
			files = (
				6330034C1845F8E900F7838D /* CoreGraphics.framework in Frameworks */,
				6330034E1845F8E900F7838D /* UIKit.framework in Frameworks */,
				6330034A1845F8E900F7838D /* Foundation.framework in Frameworks */,
			);
			runOnlyForDeploymentPostprocessing = 0;
		};
		633003641845F8E900F7838D /* Frameworks */ = {
			isa = PBXFrameworksBuildPhase;
			buildActionMask = 2147483647;
			files = (
				633003691845F8E900F7838D /* XCTest.framework in Frameworks */,
				6330036B1845F8E900F7838D /* UIKit.framework in Frameworks */,
				6330036A1845F8E900F7838D /* Foundation.framework in Frameworks */,
			);
			runOnlyForDeploymentPostprocessing = 0;
		};
/* End PBXFrameworksBuildPhase section */

/* Begin PBXGroup section */
		6330033D1845F8E900F7838D = {
			isa = PBXGroup;
			children = (
				6330034F1845F8E900F7838D /* SexRadioButton */,
				6330036E1845F8E900F7838D /* SexRadioButtonTests */,
				633003481845F8E900F7838D /* Frameworks */,
				633003471845F8E900F7838D /* Products */,
			);
			sourceTree = "<group>";
		};
		633003471845F8E900F7838D /* Products */ = {
			isa = PBXGroup;
			children = (
				633003461845F8E900F7838D /* SexRadioButton.app */,
				633003671845F8E900F7838D /* SexRadioButtonTests.xctest */,
			);
			name = Products;
			sourceTree = "<group>";
		};
		633003481845F8E900F7838D /* Frameworks */ = {
			isa = PBXGroup;
			children = (
				633003491845F8E900F7838D /* Foundation.framework */,
				6330034B1845F8E900F7838D /* CoreGraphics.framework */,
				6330034D1845F8E900F7838D /* UIKit.framework */,
				633003681845F8E900F7838D /* XCTest.framework */,
			);
			name = Frameworks;
			sourceTree = "<group>";
		};
		6330034F1845F8E900F7838D /* SexRadioButton */ = {
			isa = PBXGroup;
			children = (
				6330037E1845F90600F7838D /* radioBtuuon */,
				633003581845F8E900F7838D /* AppDelegate.h */,
				633003591845F8E900F7838D /* AppDelegate.m */,
				6330035B1845F8E900F7838D /* Main.storyboard */,
				6330035E1845F8E900F7838D /* ViewController.h */,
				6330035F1845F8E900F7838D /* ViewController.m */,
				633003611845F8E900F7838D /* Images.xcassets */,
				633003501845F8E900F7838D /* Supporting Files */,
			);
			path = SexRadioButton;
			sourceTree = "<group>";
		};
		633003501845F8E900F7838D /* Supporting Files */ = {
			isa = PBXGroup;
			children = (
				633003511845F8E900F7838D /* SexRadioButton-Info.plist */,
				633003521845F8E900F7838D /* InfoPlist.strings */,
				633003551845F8E900F7838D /* main.m */,
				633003571845F8E900F7838D /* SexRadioButton-Prefix.pch */,
			);
			name = "Supporting Files";
			sourceTree = "<group>";
		};
		6330036E1845F8E900F7838D /* SexRadioButtonTests */ = {
			isa = PBXGroup;
			children = (
				633003741845F8E900F7838D /* SexRadioButtonTests.m */,
				6330036F1845F8E900F7838D /* Supporting Files */,
			);
			path = SexRadioButtonTests;
			sourceTree = "<group>";
		};
		6330036F1845F8E900F7838D /* Supporting Files */ = {
			isa = PBXGroup;
			children = (
				633003701845F8E900F7838D /* SexRadioButtonTests-Info.plist */,
				633003711845F8E900F7838D /* InfoPlist.strings */,
			);
			name = "Supporting Files";
			sourceTree = "<group>";
		};
		6330037E1845F90600F7838D /* radioBtuuon */ = {
			isa = PBXGroup;
			children = (
				6330037F1845F91600F7838D /* radio_checked.png */,
				633003801845F91600F7838D /* radio_checked@2x.png */,
				633003811845F91600F7838D /* radio_unchecked.png */,
				633003821845F91600F7838D /* radio_unchecked@2x.png */,
				633003831845F91600F7838D /* QRadioButton.h */,
				633003841845F91600F7838D /* QRadioButton.m */,
				633003851845F91600F7838D /* SexRadioView.h */,
				633003861845F91600F7838D /* SexRadioView.m */,
			);
			name = radioBtuuon;
			sourceTree = "<group>";
		};
/* End PBXGroup section */

/* Begin PBXNativeTarget section */
		633003451845F8E900F7838D /* SexRadioButton */ = {
			isa = PBXNativeTarget;
			buildConfigurationList = 633003781845F8E900F7838D /* Build configuration list for PBXNativeTarget "SexRadioButton" */;
			buildPhases = (
				633003421845F8E900F7838D /* Sources */,
				633003431845F8E900F7838D /* Frameworks */,
				633003441845F8E900F7838D /* Resources */,
			);
			buildRules = (
			);
			dependencies = (
			);
			name = SexRadioButton;
			productName = SexRadioButton;
			productReference = 633003461845F8E900F7838D /* SexRadioButton.app */;
			productType = "com.apple.product-type.application";
		};
		633003661845F8E900F7838D /* SexRadioButtonTests */ = {
			isa = PBXNativeTarget;
			buildConfigurationList = 6330037B1845F8E900F7838D /* Build configuration list for PBXNativeTarget "SexRadioButtonTests" */;
			buildPhases = (
				633003631845F8E900F7838D /* Sources */,
				633003641845F8E900F7838D /* Frameworks */,
				633003651845F8E900F7838D /* Resources */,
			);
			buildRules = (
			);
			dependencies = (
				6330036D1845F8E900F7838D /* PBXTargetDependency */,
			);
			name = SexRadioButtonTests;
			productName = SexRadioButtonTests;
			productReference = 633003671845F8E900F7838D /* SexRadioButtonTests.xctest */;
			productType = "com.apple.product-type.bundle.unit-test";
		};
/* End PBXNativeTarget section */

/* Begin PBXProject section */
		6330033E1845F8E900F7838D /* Project object */ = {
			isa = PBXProject;
			attributes = {
				LastUpgradeCheck = 0500;
				ORGANIZATIONNAME = david;
				TargetAttributes = {
					633003661845F8E900F7838D = {
						TestTargetID = 633003451845F8E900F7838D;
					};
				};
			};
			buildConfigurationList = 633003411845F8E900F7838D /* Build configuration list for PBXProject "SexRadioButton" */;
			compatibilityVersion = "Xcode 3.2";
			developmentRegion = English;
			hasScannedForEncodings = 0;
			knownRegions = (
				en,
				Base,
			);
			mainGroup = 6330033D1845F8E900F7838D;
			productRefGroup = 633003471845F8E900F7838D /* Products */;
			projectDirPath = "";
			projectRoot = "";
			targets = (
				633003451845F8E900F7838D /* SexRadioButton */,
				633003661845F8E900F7838D /* SexRadioButtonTests */,
			);
		};
/* End PBXProject section */

/* Begin PBXResourcesBuildPhase section */
		633003441845F8E900F7838D /* Resources */ = {
			isa = PBXResourcesBuildPhase;
			buildActionMask = 2147483647;
			files = (
				6330038A1845F91600F7838D /* radio_unchecked@2x.png in Resources */,
				633003891845F91600F7838D /* radio_unchecked.png in Resources */,
				633003881845F91600F7838D /* radio_checked@2x.png in Resources */,
				633003621845F8E900F7838D /* Images.xcassets in Resources */,
				633003871845F91600F7838D /* radio_checked.png in Resources */,
				633003541845F8E900F7838D /* InfoPlist.strings in Resources */,
				6330035D1845F8E900F7838D /* Main.storyboard in Resources */,
			);
			runOnlyForDeploymentPostprocessing = 0;
		};
		633003651845F8E900F7838D /* Resources */ = {
			isa = PBXResourcesBuildPhase;
			buildActionMask = 2147483647;
			files = (
				633003731845F8E900F7838D /* InfoPlist.strings in Resources */,
			);
			runOnlyForDeploymentPostprocessing = 0;
		};
/* End PBXResourcesBuildPhase section */

/* Begin PBXSourcesBuildPhase section */
		633003421845F8E900F7838D /* Sources */ = {
			isa = PBXSourcesBuildPhase;
			buildActionMask = 2147483647;
			files = (
				633003601845F8E900F7838D /* ViewController.m in Sources */,
				6330038B1845F91600F7838D /* QRadioButton.m in Sources */,
				6330038C1845F91600F7838D /* SexRadioView.m in Sources */,
				6330035A1845F8E900F7838D /* AppDelegate.m in Sources */,
				633003561845F8E900F7838D /* main.m in Sources */,
			);
			runOnlyForDeploymentPostprocessing = 0;
		};
		633003631845F8E900F7838D /* Sources */ = {
			isa = PBXSourcesBuildPhase;
			buildActionMask = 2147483647;
			files = (
				633003751845F8E900F7838D /* SexRadioButtonTests.m in Sources */,
			);
			runOnlyForDeploymentPostprocessing = 0;
		};
/* End PBXSourcesBuildPhase section */

/* Begin PBXTargetDependency section */
		6330036D1845F8E900F7838D /* PBXTargetDependency */ = {
			isa = PBXTargetDependency;
			target = 633003451845F8E900F7838D /* SexRadioButton */;
			targetProxy = 6330036C1845F8E900F7838D /* PBXContainerItemProxy */;
		};
/* End PBXTargetDependency section */

/* Begin PBXVariantGroup section */
		633003521845F8E900F7838D /* InfoPlist.strings */ = {
			isa = PBXVariantGroup;
			children = (
				633003531845F8E900F7838D /* en */,
			);
			name = InfoPlist.strings;
			sourceTree = "<group>";
		};
		6330035B1845F8E900F7838D /* Main.storyboard */ = {
			isa = PBXVariantGroup;
			children = (
				6330035C1845F8E900F7838D /* Base */,
			);
			name = Main.storyboard;
			sourceTree = "<group>";
		};
		633003711845F8E900F7838D /* InfoPlist.strings */ = {
			isa = PBXVariantGroup;
			children = (
				633003721845F8E900F7838D /* en */,
			);
			name = InfoPlist.strings;
			sourceTree = "<group>";
		};
/* End PBXVariantGroup section */

/* Begin XCBuildConfiguration section */
		633003761845F8E900F7838D /* Debug */ = {
			isa = XCBuildConfiguration;
			buildSettings = {
				ALWAYS_SEARCH_USER_PATHS = NO;
				ARCHS = "$(ARCHS_STANDARD_INCLUDING_64_BIT)";
				CLANG_CXX_LANGUAGE_STANDARD = "gnu++0x";
				CLANG_CXX_LIBRARY = "libc++";
				CLANG_ENABLE_MODULES = YES;
				CLANG_ENABLE_OBJC_ARC = YES;
				CLANG_WARN_BOOL_CONVERSION = YES;
				CLANG_WARN_CONSTANT_CONVERSION = YES;
				CLANG_WARN_DIRECT_OBJC_ISA_USAGE = YES_ERROR;
				CLANG_WARN_EMPTY_BODY = YES;
				CLANG_WARN_ENUM_CONVERSION = YES;
				CLANG_WARN_INT_CONVERSION = YES;
				CLANG_WARN_OBJC_ROOT_CLASS = YES_ERROR;
				CLANG_WARN__DUPLICATE_METHOD_MATCH = YES;
				"CODE_SIGN_IDENTITY[sdk=iphoneos*]" = "iPhone Developer";
				COPY_PHASE_STRIP = NO;
				GCC_C_LANGUAGE_STANDARD = gnu99;
				GCC_DYNAMIC_NO_PIC = NO;
				GCC_OPTIMIZATION_LEVEL = 0;
				GCC_PREPROCESSOR_DEFINITIONS = (
					"DEBUG=1",
					"$(inherited)",
				);
				GCC_SYMBOLS_PRIVATE_EXTERN = NO;
				GCC_WARN_64_TO_32_BIT_CONVERSION = YES;
				GCC_WARN_ABOUT_RETURN_TYPE = YES_ERROR;
				GCC_WARN_UNDECLARED_SELECTOR = YES;
				GCC_WARN_UNINITIALIZED_AUTOS = YES;
				GCC_WARN_UNUSED_FUNCTION = YES;
				GCC_WARN_UNUSED_VARIABLE = YES;
				IPHONEOS_DEPLOYMENT_TARGET = 7.0;
				ONLY_ACTIVE_ARCH = YES;
				SDKROOT = iphoneos;
			};
			name = Debug;
		};
		633003771845F8E900F7838D /* Release */ = {
			isa = XCBuildConfiguration;
			buildSettings = {
				ALWAYS_SEARCH_USER_PATHS = NO;
				ARCHS = "$(ARCHS_STANDARD_INCLUDING_64_BIT)";
				CLANG_CXX_LANGUAGE_STANDARD = "gnu++0x";
				CLANG_CXX_LIBRARY = "libc++";
				CLANG_ENABLE_MODULES = YES;
				CLANG_ENABLE_OBJC_ARC = YES;
				CLANG_WARN_BOOL_CONVERSION = YES;
				CLANG_WARN_CONSTANT_CONVERSION = YES;
				CLANG_WARN_DIRECT_OBJC_ISA_USAGE = YES_ERROR;
				CLANG_WARN_EMPTY_BODY = YES;
				CLANG_WARN_ENUM_CONVERSION = YES;
				CLANG_WARN_INT_CONVERSION = YES;
				CLANG_WARN_OBJC_ROOT_CLASS = YES_ERROR;
				CLANG_WARN__DUPLICATE_METHOD_MATCH = YES;
				"CODE_SIGN_IDENTITY[sdk=iphoneos*]" = "iPhone Developer";
				COPY_PHASE_STRIP = YES;
				ENABLE_NS_ASSERTIONS = NO;
				GCC_C_LANGUAGE_STANDARD = gnu99;
				GCC_WARN_64_TO_32_BIT_CONVERSION = YES;
				GCC_WARN_ABOUT_RETURN_TYPE = YES_ERROR;
				GCC_WARN_UNDECLARED_SELECTOR = YES;
				GCC_WARN_UNINITIALIZED_AUTOS = YES;
				GCC_WARN_UNUSED_FUNCTION = YES;
				GCC_WARN_UNUSED_VARIABLE = YES;
				IPHONEOS_DEPLOYMENT_TARGET = 7.0;
				SDKROOT = iphoneos;
				VALIDATE_PRODUCT = YES;
			};
			name = Release;
		};
		633003791845F8E900F7838D /* Debug */ = {
			isa = XCBuildConfiguration;
			buildSettings = {
				ASSETCATALOG_COMPILER_APPICON_NAME = AppIcon;
				ASSETCATALOG_COMPILER_LAUNCHIMAGE_NAME = LaunchImage;
				GCC_PRECOMPILE_PREFIX_HEADER = YES;
				GCC_PREFIX_HEADER = "SexRadioButton/SexRadioButton-Prefix.pch";
				INFOPLIST_FILE = "SexRadioButton/SexRadioButton-Info.plist";
				PRODUCT_NAME = "$(TARGET_NAME)";
				WRAPPER_EXTENSION = app;
			};
			name = Debug;
		};
		6330037A1845F8E900F7838D /* Release */ = {
			isa = XCBuildConfiguration;
			buildSettings = {
				ASSETCATALOG_COMPILER_APPICON_NAME = AppIcon;
				ASSETCATALOG_COMPILER_LAUNCHIMAGE_NAME = LaunchImage;
				GCC_PRECOMPILE_PREFIX_HEADER = YES;
				GCC_PREFIX_HEADER = "SexRadioButton/SexRadioButton-Prefix.pch";
				INFOPLIST_FILE = "SexRadioButton/SexRadioButton-Info.plist";
				PRODUCT_NAME = "$(TARGET_NAME)";
				WRAPPER_EXTENSION = app;
			};
			name = Release;
		};
		6330037C1845F8E900F7838D /* Debug */ = {
			isa = XCBuildConfiguration;
			buildSettings = {
				ARCHS = "$(ARCHS_STANDARD_INCLUDING_64_BIT)";
				BUNDLE_LOADER = "$(BUILT_PRODUCTS_DIR)/SexRadioButton.app/SexRadioButton";
				FRAMEWORK_SEARCH_PATHS = (
					"$(SDKROOT)/Developer/Library/Frameworks",
					"$(inherited)",
					"$(DEVELOPER_FRAMEWORKS_DIR)",
				);
				GCC_PRECOMPILE_PREFIX_HEADER = YES;
				GCC_PREFIX_HEADER = "SexRadioButton/SexRadioButton-Prefix.pch";
				GCC_PREPROCESSOR_DEFINITIONS = (
					"DEBUG=1",
					"$(inherited)",
				);
				INFOPLIST_FILE = "SexRadioButtonTests/SexRadioButtonTests-Info.plist";
				PRODUCT_NAME = "$(TARGET_NAME)";
				TEST_HOST = "$(BUNDLE_LOADER)";
				WRAPPER_EXTENSION = xctest;
			};
			name = Debug;
		};
		6330037D1845F8E900F7838D /* Release */ = {
			isa = XCBuildConfiguration;
			buildSettings = {
				ARCHS = "$(ARCHS_STANDARD_INCLUDING_64_BIT)";
				BUNDLE_LOADER = "$(BUILT_PRODUCTS_DIR)/SexRadioButton.app/SexRadioButton";
				FRAMEWORK_SEARCH_PATHS = (
					"$(SDKROOT)/Developer/Library/Frameworks",
					"$(inherited)",
					"$(DEVELOPER_FRAMEWORKS_DIR)",
				);
				GCC_PRECOMPILE_PREFIX_HEADER = YES;
				GCC_PREFIX_HEADER = "SexRadioButton/SexRadioButton-Prefix.pch";
				INFOPLIST_FILE = "SexRadioButtonTests/SexRadioButtonTests-Info.plist";
				PRODUCT_NAME = "$(TARGET_NAME)";
				TEST_HOST = "$(BUNDLE_LOADER)";
				WRAPPER_EXTENSION = xctest;
			};
			name = Release;
		};
/* End XCBuildConfiguration section */

/* Begin XCConfigurationList section */
		633003411845F8E900F7838D /* Build configuration list for PBXProject "SexRadioButton" */ = {
			isa = XCConfigurationList;
			buildConfigurations = (
				633003761845F8E900F7838D /* Debug */,
				633003771845F8E900F7838D /* Release */,
			);
			defaultConfigurationIsVisible = 0;
			defaultConfigurationName = Release;
		};
		633003781845F8E900F7838D /* Build configuration list for PBXNativeTarget "SexRadioButton" */ = {
			isa = XCConfigurationList;
			buildConfigurations = (
				633003791845F8E900F7838D /* Debug */,
				6330037A1845F8E900F7838D /* Release */,
			);
			defaultConfigurationIsVisible = 0;
		};
		6330037B1845F8E900F7838D /* Build configuration list for PBXNativeTarget "SexRadioButtonTests" */ = {
			isa = XCConfigurationList;
			buildConfigurations = (
				6330037C1845F8E900F7838D /* Debug */,
				6330037D1845F8E900F7838D /* Release */,
			);
			defaultConfigurationIsVisible = 0;
		};
/* End XCConfigurationList section */
	};
	rootObject = 6330033E1845F8E900F7838D /* Project object */;
}
